# THIS IS AN AUTOGENERATED FILE. DO NOT EDIT THIS FILE DIRECTLY.
assets/DINCondensed-Bold.eot:
  development: 2017-12-25T22:16:17-05:00   7e3b9eddc8b2e902e1a0abff450656fe
assets/DINCondensed-Bold.svg:
  development: 2017-12-25T22:16:17-05:00   86728a30114a03cd95545c7e92789481
assets/DINCondensed-Bold.ttf:
  development: 2017-12-25T22:16:17-05:00   8afdf6d29e8a690058355065d723c712
assets/DINCondensed-Bold.woff:
  development: 2017-12-25T22:16:17-05:00   9b67d52acfb91c51d992bdf22529a652
assets/ajax-loader.gif:
  development: 2017-12-25T22:16:17-05:00   deca8b0ecd6974227d157b6d7068995d
assets/font.css:
  development: 2017-12-25T22:51:43-05:00   d1ad09363e85b281a8ad647f33dc5317
assets/gift-card.js:
  development: 2017-12-25T22:16:17-05:00   c73df2ee57cc9eb577f7a1858063495d
assets/ico-select.svg.liquid:
  development: 2017-12-25T22:16:17-05:00   087b0a8654b4e8b2c203cfa17204b849
assets/lazysizes.min.js:
  development: 2017-12-25T22:16:17-05:00   f05bbc6e1c8ffb06055dc81d0cb5f2ee
assets/theme.js:
  development: 2017-12-25T22:16:17-05:00   3c1f80ee7b9b5b846db1f6c2a2d525ff
assets/theme.scss.liquid:
  development: 2018-01-31T17:30:38-05:00   f895a3de5d68a584c6542e590b29049d
assets/vendor.js:
  development: 2017-12-25T22:16:18-05:00   06b4f8919f55c188d4cd230c1d62a849
config/settings_data.json:
  development: 2018-01-24T23:13:28-05:00   8291a663d6ea125eec93fae89c2eebfc
config/settings_schema.json:
  development: 2017-12-25T22:46:30-05:00   a85692582c8c86a73129d701c93a8400
layout/password.liquid:
  development: 2017-12-25T22:16:18-05:00   ddf2311ce4e70fd76900089ad56c2da9
layout/theme.liquid:
  development: 2017-12-25T22:47:49-05:00   f89ef6b2cc1e4fb17494cba9c1536c4b
locales/de.json:
  development: 2017-12-25T22:16:18-05:00   b33012ede7cb3149a982918f5a76a243
locales/en.default.json:
  development: 2017-12-25T22:16:18-05:00   ea45431e4a07e84eace506c682b0aa43
locales/es.json:
  development: 2017-12-25T22:16:18-05:00   af16f0b5d48cc4ab23dfebc4a44f8b42
locales/fr.json:
  development: 2017-12-25T22:16:18-05:00   9bafb0f26c27a581eafc96dd01842db9
locales/it.json:
  development: 2017-12-25T22:16:18-05:00   b256de51f44aebd752c5a56717b3c03d
locales/ja.json:
  development: 2017-12-25T22:16:18-05:00   8a407868c2500d50e408a011f778e634
locales/pt-BR.json:
  development: 2017-12-25T22:16:18-05:00   3ad112a172e1b9021a5252dd23627c67
locales/pt-PT.json:
  development: 2017-12-25T22:16:18-05:00   9523dc8b1183f6c2b3e0ff11c6a9d584
sections/advanced-content.liquid:
  development: 2017-12-25T22:16:16-05:00   f6d72ffacd166e808ebebad43d0f9d16
sections/article-content.liquid:
  development: 2017-12-25T22:16:16-05:00   5bbd7d5b05162be2cb76973e2649a7a8
sections/brand-list.liquid:
  development: 2017-12-25T22:16:16-05:00   4518b726c27e1a0f1da692d4dc7c8fe2
sections/cart-template.liquid:
  development: 2017-12-25T22:16:16-05:00   565b3bae2bb543ad15b8a0159c855268
sections/collection-filters.liquid:
  development: 2017-12-25T22:16:16-05:00   e78207380912cd6931f18b91da4bf201
sections/columns.liquid:
  development: 2017-12-25T22:16:16-05:00   8f0f9b2adc8def8de1a4aa239af44d4b
sections/featured-articles.liquid:
  development: 2017-12-25T22:16:16-05:00   4315228e22645b5d5284f5ee22adb6c8
sections/featured-collections.liquid:
  development: 2018-01-29T18:40:06-05:00   f6ab7295b5af7465350e5e94f5b49921
sections/featured-content.liquid:
  development: 2017-12-25T22:16:16-05:00   798ea3cee7b62f73c50c19fa7d1a794d
sections/featured-product.liquid:
  development: 2017-12-25T22:16:16-05:00   5d633b63dc6c716ede321af49523a2c1
sections/featured-products-subsection.liquid:
  development: 2017-12-25T22:16:16-05:00   7f5a3fbf812d95d2cf649c51c36ad7f4
sections/featured-products.liquid:
  development: 2017-12-25T22:16:16-05:00   b92c7ea0b3f78b211469dd5d001fa1a2
sections/footer.liquid:
  development: 2017-12-25T22:16:16-05:00   bf87102dbb0de9098006c0f9f5975922
sections/gallery.liquid:
  development: 2017-12-25T22:16:16-05:00   d046c94032b4a0923dfe0c0fc8d62e16
sections/header.liquid:
  development: 2017-12-25T22:16:16-05:00   3e2d8cb03aa05083d8f75cae85fcc999
sections/image-content.liquid:
  development: 2018-01-31T14:38:53-05:00   ee72a03bfd1c32336a439c0e8be80922
sections/link-block.liquid:
  development: 2017-12-25T22:16:16-05:00   68cf49dbb1086fbf1863a11127abd4b5
sections/list-collections-template.liquid:
  development: 2017-12-25T22:16:16-05:00   51b7c79c9155352ac226ba1e28a84997
sections/map.liquid:
  development: 2017-12-25T22:16:16-05:00   c09adf1fcd770347e382144818b6256a
sections/newsletter.liquid:
  development: 2017-12-25T22:16:16-05:00   0aff4c7cf4e0faff2ce36829a37243be
sections/password-content.liquid:
  development: 2017-12-25T22:16:16-05:00   0a15b0e9851f0e0260438a9cce3cc97b
sections/password-footer.liquid:
  development: 2017-12-25T22:16:16-05:00   47eec2c7b70086dd509ff188e70c00e3
sections/password-header.liquid:
  development: 2017-12-25T22:16:16-05:00   f0d01f9592a3dadc07c9bd3d0126a9f1
sections/product-template.liquid:
  development: 2018-01-31T16:51:58-05:00   109f9b718d6c439e9beee8b3635962f6
sections/quotes.liquid:
  development: 2017-12-25T22:16:16-05:00   06675b8607dfebed53e905f63231ebe7
sections/rich-text.liquid:
  development: 2018-01-30T19:32:39-05:00   356cd2d71b54734319fdcd3d25516356
sections/search.liquid:
  development: 2017-12-25T22:16:16-05:00   0f46aa5727faf9ebc73f48b0992f6ca4
sections/slideshow.liquid:
  development: 2017-12-25T22:16:16-05:00   f14c311ff65a9a6543cffc01450107a5
sections/video.liquid:
  development: 2017-12-25T22:16:16-05:00   d56de0e6706b7e24e339809b317b2e02
snippets/bgset.liquid:
  development: 2017-12-25T22:16:18-05:00   33148dfd129ac7339b20fa9792a6bf85
snippets/collection-grid-item.liquid:
  development: 2018-01-31T12:26:48-05:00   67c09c97acf878bd2c23c3c22f9c9b23
snippets/collection-list-item.liquid:
  development: 2017-12-25T22:16:18-05:00   fc2458fe5e90d5c1d22ba3ebdad911d2
snippets/comment.liquid:
  development: 2017-12-25T22:16:18-05:00   6b47f2a5d6a07494ad7de1ce9997c9d9
snippets/google-fonts.liquid:
  development: 2017-12-25T22:16:18-05:00   0ad0c678c3fa87cfeb0a10561058beb2
snippets/icon-amazon_payments.liquid:
  development: 2017-12-25T22:16:18-05:00   f1ad8ba26dd5b98117703ede5357e408
snippets/icon-american_express.liquid:
  development: 2017-12-25T22:16:18-05:00   ffa58442d17d73d2bef88399019993f3
snippets/icon-apple_pay.liquid:
  development: 2017-12-25T22:16:18-05:00   e82e7acc46479ea2173926f8fad55db0
snippets/icon-arrow-down.liquid:
  development: 2017-12-25T22:16:18-05:00   f8fd3b896d90388f5aae1c93e2a77da2
snippets/icon-arrow-left.liquid:
  development: 2017-12-25T22:16:18-05:00   12c9b68124cea15ee7cc558709ac77d3
snippets/icon-arrow-right.liquid:
  development: 2017-12-25T22:16:18-05:00   177e0020103e51e3acaed4a594b50c73
snippets/icon-arrow-thin-left.liquid:
  development: 2017-12-25T22:16:18-05:00   830b0d9386051e86d9ffd8c40ffbf770
snippets/icon-arrow-up.liquid:
  development: 2017-12-25T22:16:18-05:00   0e1e498f1d507716eaf8e877bd4efeeb
snippets/icon-bag.liquid:
  development: 2017-12-25T22:16:18-05:00   dd18ce7e32cb074f12d064104d9369d5
snippets/icon-bitcoin.liquid:
  development: 2017-12-25T22:16:18-05:00   e9a7e7de915fc7df29a835dfe2de385d
snippets/icon-cart.liquid:
  development: 2017-12-25T22:16:18-05:00   f95451ec8a45aa2c1da6d4cb6b0c855e
snippets/icon-cirrus.liquid:
  development: 2017-12-25T22:16:18-05:00   2e2e16ec6f0603de157992dc61a50657
snippets/icon-close.liquid:
  development: 2017-12-25T22:16:18-05:00   96d324f98248ed2430c30836e89c79b8
snippets/icon-dankort.liquid:
  development: 2017-12-25T22:16:18-05:00   3e3795e8c72afb70ff83fe0699814925
snippets/icon-diners_club.liquid:
  development: 2017-12-25T22:16:18-05:00   fa88936febf9c082201530c0c69cd699
snippets/icon-discover.liquid:
  development: 2017-12-25T22:16:18-05:00   2af236ff5c056aaada8d735cf50db46c
snippets/icon-dogecoin.liquid:
  development: 2017-12-25T22:16:18-05:00   6a35f5db9eb93d1ed563c6989ff30798
snippets/icon-dwolla.liquid:
  development: 2017-12-25T22:16:18-05:00   aeb86f67aad84adaf7635d2043cb89a9
snippets/icon-facebook.liquid:
  development: 2017-12-25T22:16:19-05:00   1f4ee2d25e4ae01fbd0591cf92b1bdb6
snippets/icon-forbrugsforeningen.liquid:
  development: 2017-12-25T22:16:19-05:00   ff962a94f23046340766c215b0f14a52
snippets/icon-hamburger.liquid:
  development: 2017-12-25T22:16:19-05:00   c429f6a0db27bb76a5bfd0d1c422ab53
snippets/icon-instagram.liquid:
  development: 2017-12-25T22:16:19-05:00   bf50214819f6e2a5f053593e2414526d
snippets/icon-interac.liquid:
  development: 2017-12-25T22:16:19-05:00   d1ec7589f8f9befedd935603e2380489
snippets/icon-jcb.liquid:
  development: 2017-12-25T22:16:19-05:00   4bc8d7390f04bd32042e2cd80e44bb5a
snippets/icon-litecoin.liquid:
  development: 2017-12-25T22:16:19-05:00   051dfcb36fa17b532a087b12f0a49e0e
snippets/icon-lock.liquid:
  development: 2017-12-25T22:16:19-05:00   60ae7ba03d14efa582faed8855821a58
snippets/icon-maestro.liquid:
  development: 2017-12-25T22:16:19-05:00   b987e558ecad607661489939ec8ca524
snippets/icon-master.liquid:
  development: 2017-12-25T22:16:19-05:00   7be93970b63c2fd0e2b319a35c00a9d7
snippets/icon-minus.liquid:
  development: 2017-12-25T22:16:19-05:00   d67c918f4271ac3e2b3689a1c66cd324
snippets/icon-pause.liquid:
  development: 2017-12-25T22:16:19-05:00   99e785a63af3ab0a7ccd9c5551ea8910
snippets/icon-paypal.liquid:
  development: 2017-12-25T22:16:19-05:00   576f8465d6e1a5c003bc42deb4b2c09a
snippets/icon-pin.liquid:
  development: 2017-12-25T22:16:19-05:00   694162388571d6142ec30bc299d8ac91
snippets/icon-pinterest.liquid:
  development: 2017-12-25T22:16:19-05:00   d0f6a3f3842d8782a7beec9e7422a4d4
snippets/icon-play.liquid:
  development: 2017-12-25T22:16:19-05:00   31ff2901a9fd0f32ebc4c05748e7aa5d
snippets/icon-plus.liquid:
  development: 2017-12-25T22:16:19-05:00   59271dc8b74871a9af77d3ac0ac839da
snippets/icon-quote.liquid:
  development: 2017-12-25T22:16:19-05:00   e710949f7a142dfc3c4fac15c33bb2fa
snippets/icon-rss.liquid:
  development: 2017-12-25T22:16:19-05:00   e44945385279f30693ad10bf7647770a
snippets/icon-search.liquid:
  development: 2017-12-25T22:16:19-05:00   365615febc89c876686a0b15e515fb62
snippets/icon-shopify-logo.liquid:
  development: 2017-12-25T22:16:19-05:00   3f0b70f9e01be5b25507d25a732ecde7
snippets/icon-snapchat.liquid:
  development: 2017-12-25T22:16:19-05:00   9ed6937e3232c9034976be2b8ed9f673
snippets/icon-stripe.liquid:
  development: 2017-12-25T22:16:19-05:00   e79ac5f1ff57e03a49c805105ffc5756
snippets/icon-tumblr.liquid:
  development: 2017-12-25T22:16:19-05:00   95b170823ba66888266df40855dcf6ca
snippets/icon-twitter.liquid:
  development: 2017-12-25T22:16:19-05:00   15da0c480346e2782bd2288113e76e00
snippets/icon-vimeo.liquid:
  development: 2017-12-25T22:16:19-05:00   d05774570a73a039e16e6be0411449ab
snippets/icon-visa.liquid:
  development: 2017-12-25T22:16:19-05:00   9f864f065156d1820e794adbd3f1ffd0
snippets/icon-youtube.liquid:
  development: 2017-12-25T22:16:19-05:00   7b566c0e9843640150d456430a74ff74
snippets/meganav.liquid:
  development: 2017-12-25T22:16:19-05:00   48db18ab49129237ec6cb2908766b663
snippets/no-blocks.liquid:
  development: 2017-12-25T22:16:19-05:00   0cb7d758b6df0feb07ae5804b4b627fa
snippets/product-card.liquid:
  development: 2017-12-25T22:16:19-05:00   83042f89377ecd9e55f0f3ae532a1bc6
snippets/size-chart__female.liquid:
  development: 2018-01-31T17:09:12-05:00   2b21cf0a7c013af11a28c904f9d77650
snippets/size-chart__male.liquid:
  development: 2018-01-31T17:11:33-05:00   21595d34f4875928090b40fedcceb19b
snippets/social-meta-tags.liquid:
  development: 2017-12-25T22:16:19-05:00   ae9e213401623b2601abf0ace8e21537
snippets/social-sharing.liquid:
  development: 2017-12-25T22:16:19-05:00   faefcb8d384a0333413f164a44f8ff87
templates/404.liquid:
  development: 2017-12-25T22:16:19-05:00   c5a602ed831884857d6ba432990c1c65
templates/article.liquid:
  development: 2017-12-25T22:16:19-05:00   891031ed819f5123c2d25d4fb9b2cabb
templates/blog.liquid:
  development: 2017-12-25T22:16:19-05:00   f8b950927883483c443f392bc47fa052
templates/cart.liquid:
  development: 2017-12-25T22:16:19-05:00   bba3c715f8c51f0520b3bd1a49ca90dc
templates/collection.liquid:
  development: 2017-12-25T22:16:19-05:00   f6ee1dee849f3e7be704c9349c3464d7
templates/customers/account.liquid:
  development: 2017-12-25T22:16:19-05:00   460919f09e3e2676f66cda1cadf90924
templates/customers/activate_account.liquid:
  development: 2017-12-25T22:16:19-05:00   f36eddc94f148aee6a9b1d6387ff4b95
templates/customers/addresses.liquid:
  development: 2017-12-25T22:16:19-05:00   3f0e553529e901e96493d6f4e720f4fd
templates/customers/login.liquid:
  development: 2017-12-25T22:16:19-05:00   8d86911b000ae9467d803bac917d0cd8
templates/customers/order.liquid:
  development: 2017-12-25T22:16:19-05:00   24dee42aeabd5551803c278fc426770d
templates/customers/register.liquid:
  development: 2017-12-25T22:16:19-05:00   bfb55d672848fd97d6c72b8ed9abcfb3
templates/customers/reset_password.liquid:
  development: 2017-12-25T22:16:19-05:00   73f390cd1d27f0e95d5674c2fcba2e0d
templates/gift_card.liquid:
  development: 2017-12-25T22:16:19-05:00   538ac344d5e387188ef53838e65d7595
templates/index.liquid:
  development: 2017-12-25T22:16:19-05:00   b2a0a05382c135215e50a0042c0f7cb7
templates/list-collections.liquid:
  development: 2017-12-25T22:16:19-05:00   d42f6d6957169811896f646709d353d9
templates/page.contact.liquid:
  development: 2017-12-25T22:16:19-05:00   bc3a82270aae7ee5346e3df9c0047bf1
templates/page.liquid:
  development: 2017-12-25T22:16:19-05:00   d5bd4d5e9e86da6be06d093763c42473
templates/password.liquid:
  development: 2017-12-25T22:16:19-05:00   1e6018925cf530d009aa332c4553411e
templates/product.liquid:
  development: 2017-12-25T22:16:19-05:00   a07bea1b2ca45140cb2a22a8c3c77b84
templates/search.liquid:
  development: 2017-12-25T22:16:19-05:00   b1b2d329b8586246b627c8cec17f24ab
